# generated by rye
# use `rye lock` or `rye sync` to update this lockfile
#
# last locked with the following flags:
#   pre: false
#   features: []
#   all-features: false
#   with-sources: false

-e file:.
absl-py==2.1.0
    # via ortools
contourpy==1.2.1
    # via matplotlib
cycler==0.12.1
    # via matplotlib
fonttools==4.51.0
    # via matplotlib
highspy==1.7.1.dev1
    # via ex4-01-03
immutabledict==4.2.0
    # via ortools
kiwisolver==1.4.5
    # via matplotlib
matplotlib==3.9.0
    # via ex4-01-03
networkx==3.3
    # via ex4-01-03
numpy==1.26.4
    # via contourpy
    # via ex4-01-03
    # via highspy
    # via matplotlib
    # via ortools
    # via pandas
    # via scipy
ortools==9.10.4067
    # via ex4-01-03
packaging==24.0
    # via matplotlib
pandas==2.2.2
    # via ortools
pillow==10.3.0
    # via matplotlib
protobuf==5.26.1
    # via ortools
pulp==2.8.0
    # via ex4-01-03
pyparsing==3.1.2
    # via matplotlib
python-dateutil==2.9.0.post0
    # via matplotlib
    # via pandas
pytz==2024.1
    # via pandas
scipy==1.13.0
    # via ex4-01-03
six==1.16.0
    # via python-dateutil
tzdata==2024.1
    # via pandas
